
Microsoft Visual Studio Solution File, Format Version 12.00
# Visual Studio Version 16
VisualStudioVersion = 16.0.30011.22
MinimumVisualStudioVersion = 10.0.40219.1
Project("{8BC9CEB8-8B4A-11D0-8D11-00A0C91BC942}") = "TestProgram", "TestProgram.vcxproj", "{591E2792-A6CB-4890-80DC-AF443EF8311F}"
EndProject
Global
	GlobalSection(SolutionConfigurationPlatforms) = preSolution
		Debug|x64 = Debug|x64
		Debug|x86 = Debug|x86
		Release|x64 = Release|x64
		Release|x86 = Release|x86
	EndGlobalSection
	GlobalSection(ProjectConfigurationPlatforms) = postSolution
		{591E2792-A6CB-4890-80DC-AF443EF8311F}.Debug|x64.ActiveCfg = Debug|x64
		{591E2792-A6CB-4890-80DC-AF443EF8311F}.Debug|x64.Build.0 = Debug|x64
		{591E2792-A6CB-4890-80DC-AF443EF8311F}.Debug|x86.ActiveCfg = Debug|Win32
		{591E2792-A6CB-4890-80DC-AF443EF8311F}.Debug|x86.Build.0 = Debug|Win32
		{591E2792-A6CB-4890-80DC-AF443EF8311F}.Release|x64.ActiveCfg = Release|x64
		{591E2792-A6CB-4890-80DC-AF443EF8311F}.Release|x64.Build.0 = Release|x64
		{591E2792-A6CB-4890-80DC-AF443EF8311F}.Release|x86.ActiveCfg = Release|Win32
		{591E2792-A6CB-4890-80DC-AF443EF8311F}.Release|x86.Build.0 = Release|Win32
	EndGlobalSection
	GlobalSection(SolutionProperties) = preSolution
		HideSolutionNode = FALSE
	EndGlobalSection
	GlobalSection(ExtensibilityGlobals) = postSolution
		SolutionGuid = {DBF1CDB6-DE79-425D-AD2E-42ACF4ED4E1A}
	EndGlobalSection
EndGlobal
